
Microsoft Visual Studio Solution File, Format Version 12.00
# Visual Studio Version 16
VisualStudioVersion = 16.0.31515.178
MinimumVisualStudioVersion = 10.0.40219.1
Project("{FAE04EC0-301F-11D3-BF4B-00C04F79EFBC}") = "CodeFirstDB", "CodeFirstDB.csproj", "{F2C7CA37-D309-47F1-94A5-30C8B8276B85}"
EndProject
Global
	GlobalSection(SolutionConfigurationPlatforms) = preSolution
		Debug|Any CPU = Debug|Any CPU
		Release|Any CPU = Release|Any CPU
	EndGlobalSection
	GlobalSection(ProjectConfigurationPlatforms) = postSolution
		{F2C7CA37-D309-47F1-94A5-30C8B8276B85}.Debug|Any CPU.ActiveCfg = Debug|Any CPU
		{F2C7CA37-D309-47F1-94A5-30C8B8276B85}.Debug|Any CPU.Build.0 = Debug|Any CPU
		{F2C7CA37-D309-47F1-94A5-30C8B8276B85}.Release|Any CPU.ActiveCfg = Release|Any CPU
		{F2C7CA37-D309-47F1-94A5-30C8B8276B85}.Release|Any CPU.Build.0 = Release|Any CPU
	EndGlobalSection
	GlobalSection(SolutionProperties) = preSolution
		HideSolutionNode = FALSE
	EndGlobalSection
	GlobalSection(ExtensibilityGlobals) = postSolution
		SolutionGuid = {4A1BA6D6-BB09-463C-989D-64AB099B2EB7}
	EndGlobalSection
EndGlobal
