
Microsoft Visual Studio Solution File, Format Version 12.00
# Visual Studio Version 16
VisualStudioVersion = 16.0.31515.178
MinimumVisualStudioVersion = 10.0.40219.1
Project("{9A19103F-16F7-4668-BE54-9A1E7A4F7556}") = "HRMS", "HRMS.csproj", "{A37FF12E-2DF3-4EF6-B20A-A0E6B352577D}"
EndProject
Project("{9A19103F-16F7-4668-BE54-9A1E7A4F7556}") = "HRMS.Infrastructure", "..\HRMS.Infrastructure\HRMS.Infrastructure.csproj", "{860F7A0E-DA42-407F-BDC8-6E05349C7959}"
EndProject
Project("{9A19103F-16F7-4668-BE54-9A1E7A4F7556}") = "HRMNS.Utilities", "..\HRMNS.Utilities\HRMNS.Utilities.csproj", "{F11E5DAF-F4A2-434B-A6FB-DCFE2B7F1F6F}"
EndProject
Project("{9A19103F-16F7-4668-BE54-9A1E7A4F7556}") = "HRMNS.Data", "..\HRMNS.Data\HRMNS.Data.csproj", "{A77AF7CF-3F34-416E-BC26-061DB92680E1}"
EndProject
Project("{9A19103F-16F7-4668-BE54-9A1E7A4F7556}") = "HRMNS.Data.EF", "..\HRMNS.Data.EF\HRMNS.Data.EF.csproj", "{1BECAD30-D807-46FE-A8CB-EE2064BE1078}"
EndProject
Project("{9A19103F-16F7-4668-BE54-9A1E7A4F7556}") = "HRMNS.Application", "..\HRMNS.Application\HRMNS.Application.csproj", "{3B8DDD64-0666-4A60-BF29-368588D760C5}"
EndProject
Project("{2150E333-8FDC-42A3-9474-1A3956D46DE8}") = "1.Presentation", "1.Presentation", "{626578DB-100C-4A44-9BA1-80601FB802B1}"
EndProject
Project("{2150E333-8FDC-42A3-9474-1A3956D46DE8}") = "2.Application", "2.Application", "{B80F6900-9D08-4C48-A11B-7BEF0DE778A0}"
EndProject
Project("{2150E333-8FDC-42A3-9474-1A3956D46DE8}") = "3.Domain", "3.Domain", "{34DCC510-1DCA-42AC-96F1-01FFCB61C1EB}"
EndProject
Project("{2150E333-8FDC-42A3-9474-1A3956D46DE8}") = "4.Infrastructure", "4.Infrastructure", "{666BCF77-3ADA-4D98-B63D-BC364940D02B}"
EndProject
Global
	GlobalSection(SolutionConfigurationPlatforms) = preSolution
		Debug|Any CPU = Debug|Any CPU
		Release|Any CPU = Release|Any CPU
	EndGlobalSection
	GlobalSection(ProjectConfigurationPlatforms) = postSolution
		{A37FF12E-2DF3-4EF6-B20A-A0E6B352577D}.Debug|Any CPU.ActiveCfg = Debug|Any CPU
		{A37FF12E-2DF3-4EF6-B20A-A0E6B352577D}.Debug|Any CPU.Build.0 = Debug|Any CPU
		{A37FF12E-2DF3-4EF6-B20A-A0E6B352577D}.Release|Any CPU.ActiveCfg = Release|Any CPU
		{A37FF12E-2DF3-4EF6-B20A-A0E6B352577D}.Release|Any CPU.Build.0 = Release|Any CPU
		{860F7A0E-DA42-407F-BDC8-6E05349C7959}.Debug|Any CPU.ActiveCfg = Debug|Any CPU
		{860F7A0E-DA42-407F-BDC8-6E05349C7959}.Debug|Any CPU.Build.0 = Debug|Any CPU
		{860F7A0E-DA42-407F-BDC8-6E05349C7959}.Release|Any CPU.ActiveCfg = Release|Any CPU
		{860F7A0E-DA42-407F-BDC8-6E05349C7959}.Release|Any CPU.Build.0 = Release|Any CPU
		{F11E5DAF-F4A2-434B-A6FB-DCFE2B7F1F6F}.Debug|Any CPU.ActiveCfg = Debug|Any CPU
		{F11E5DAF-F4A2-434B-A6FB-DCFE2B7F1F6F}.Debug|Any CPU.Build.0 = Debug|Any CPU
		{F11E5DAF-F4A2-434B-A6FB-DCFE2B7F1F6F}.Release|Any CPU.ActiveCfg = Release|Any CPU
		{F11E5DAF-F4A2-434B-A6FB-DCFE2B7F1F6F}.Release|Any CPU.Build.0 = Release|Any CPU
		{A77AF7CF-3F34-416E-BC26-061DB92680E1}.Debug|Any CPU.ActiveCfg = Debug|Any CPU
		{A77AF7CF-3F34-416E-BC26-061DB92680E1}.Debug|Any CPU.Build.0 = Debug|Any CPU
		{A77AF7CF-3F34-416E-BC26-061DB92680E1}.Release|Any CPU.ActiveCfg = Release|Any CPU
		{A77AF7CF-3F34-416E-BC26-061DB92680E1}.Release|Any CPU.Build.0 = Release|Any CPU
		{1BECAD30-D807-46FE-A8CB-EE2064BE1078}.Debug|Any CPU.ActiveCfg = Debug|Any CPU
		{1BECAD30-D807-46FE-A8CB-EE2064BE1078}.Debug|Any CPU.Build.0 = Debug|Any CPU
		{1BECAD30-D807-46FE-A8CB-EE2064BE1078}.Release|Any CPU.ActiveCfg = Release|Any CPU
		{1BECAD30-D807-46FE-A8CB-EE2064BE1078}.Release|Any CPU.Build.0 = Release|Any CPU
		{3B8DDD64-0666-4A60-BF29-368588D760C5}.Debug|Any CPU.ActiveCfg = Debug|Any CPU
		{3B8DDD64-0666-4A60-BF29-368588D760C5}.Debug|Any CPU.Build.0 = Debug|Any CPU
		{3B8DDD64-0666-4A60-BF29-368588D760C5}.Release|Any CPU.ActiveCfg = Release|Any CPU
		{3B8DDD64-0666-4A60-BF29-368588D760C5}.Release|Any CPU.Build.0 = Release|Any CPU
	EndGlobalSection
	GlobalSection(SolutionProperties) = preSolution
		HideSolutionNode = FALSE
	EndGlobalSection
	GlobalSection(NestedProjects) = preSolution
		{A37FF12E-2DF3-4EF6-B20A-A0E6B352577D} = {626578DB-100C-4A44-9BA1-80601FB802B1}
		{860F7A0E-DA42-407F-BDC8-6E05349C7959} = {666BCF77-3ADA-4D98-B63D-BC364940D02B}
		{F11E5DAF-F4A2-434B-A6FB-DCFE2B7F1F6F} = {666BCF77-3ADA-4D98-B63D-BC364940D02B}
		{A77AF7CF-3F34-416E-BC26-061DB92680E1} = {34DCC510-1DCA-42AC-96F1-01FFCB61C1EB}
		{1BECAD30-D807-46FE-A8CB-EE2064BE1078} = {34DCC510-1DCA-42AC-96F1-01FFCB61C1EB}
		{3B8DDD64-0666-4A60-BF29-368588D760C5} = {B80F6900-9D08-4C48-A11B-7BEF0DE778A0}
	EndGlobalSection
	GlobalSection(ExtensibilityGlobals) = postSolution
		SolutionGuid = {708FB622-61A8-4AFA-99C7-63917ABBFD19}
	EndGlobalSection
EndGlobal
